
Microsoft Visual Studio Solution File, Format Version 12.00
# Visual Studio Version 17
VisualStudioVersion = 17.4.33213.308
MinimumVisualStudioVersion = 10.0.40219.1
Project("{9A19103F-16F7-4668-BE54-9A1E7A4F7556}") = "BusinessObjects", "BusinessObjects\BusinessObjects.csproj", "{A8F92D6E-8309-45CC-9EF7-B8A616F24FAE}"
EndProject
Project("{9A19103F-16F7-4668-BE54-9A1E7A4F7556}") = "DataAccess", "DataAccess\DataAccess.csproj", "{47C46E64-1271-4E28-8014-37E3C8058C6D}"
EndProject
Project("{9A19103F-16F7-4668-BE54-9A1E7A4F7556}") = "Repositories", "Repositories\Repositories.csproj", "{3C18C0AC-3DA1-4FAE-B15F-4A88FEBABCB9}"
EndProject
Project("{FAE04EC0-301F-11D3-BF4B-00C04F79EFBC}") = "ManagerAPI", "ManagerAPI\ManagerAPI.csproj", "{AA51C3FD-507A-4AC9-9E08-BF1F4E4C156C}"
EndProject
Global
	GlobalSection(SolutionConfigurationPlatforms) = preSolution
		Debug|Any CPU = Debug|Any CPU
		Release|Any CPU = Release|Any CPU
	EndGlobalSection
	GlobalSection(ProjectConfigurationPlatforms) = postSolution
		{A8F92D6E-8309-45CC-9EF7-B8A616F24FAE}.Debug|Any CPU.ActiveCfg = Debug|Any CPU
		{A8F92D6E-8309-45CC-9EF7-B8A616F24FAE}.Debug|Any CPU.Build.0 = Debug|Any CPU
		{A8F92D6E-8309-45CC-9EF7-B8A616F24FAE}.Release|Any CPU.ActiveCfg = Release|Any CPU
		{A8F92D6E-8309-45CC-9EF7-B8A616F24FAE}.Release|Any CPU.Build.0 = Release|Any CPU
		{47C46E64-1271-4E28-8014-37E3C8058C6D}.Debug|Any CPU.ActiveCfg = Debug|Any CPU
		{47C46E64-1271-4E28-8014-37E3C8058C6D}.Debug|Any CPU.Build.0 = Debug|Any CPU
		{47C46E64-1271-4E28-8014-37E3C8058C6D}.Release|Any CPU.ActiveCfg = Release|Any CPU
		{47C46E64-1271-4E28-8014-37E3C8058C6D}.Release|Any CPU.Build.0 = Release|Any CPU
		{3C18C0AC-3DA1-4FAE-B15F-4A88FEBABCB9}.Debug|Any CPU.ActiveCfg = Debug|Any CPU
		{3C18C0AC-3DA1-4FAE-B15F-4A88FEBABCB9}.Debug|Any CPU.Build.0 = Debug|Any CPU
		{3C18C0AC-3DA1-4FAE-B15F-4A88FEBABCB9}.Release|Any CPU.ActiveCfg = Release|Any CPU
		{3C18C0AC-3DA1-4FAE-B15F-4A88FEBABCB9}.Release|Any CPU.Build.0 = Release|Any CPU
		{AA51C3FD-507A-4AC9-9E08-BF1F4E4C156C}.Debug|Any CPU.ActiveCfg = Debug|Any CPU
		{AA51C3FD-507A-4AC9-9E08-BF1F4E4C156C}.Debug|Any CPU.Build.0 = Debug|Any CPU
		{AA51C3FD-507A-4AC9-9E08-BF1F4E4C156C}.Release|Any CPU.ActiveCfg = Release|Any CPU
		{AA51C3FD-507A-4AC9-9E08-BF1F4E4C156C}.Release|Any CPU.Build.0 = Release|Any CPU
	EndGlobalSection
	GlobalSection(SolutionProperties) = preSolution
		HideSolutionNode = FALSE
	EndGlobalSection
	GlobalSection(ExtensibilityGlobals) = postSolution
		SolutionGuid = {540BB39A-8648-4C67-8EE4-0E9B17C581E4}
	EndGlobalSection
EndGlobal
